{
  "name": "varix-wimax-facturas-mirror",
  "version": "1.0.0",
  "lockfileVersion": 3,
  "requires": true,
  "packages": {
    "": {
      "name": "varix-wimax-facturas-mirror",
      "version": "1.0.0",
      "dependencies": {
        "@supabase/supabase-js": "2.91.1",
        "dbffile": "1.12.0"
      },
      "engines": {
        "node": ">=20"
      }
    },
    "node_modules/@supabase/auth-js": {
      "version": "2.91.1",
      "resolved": "https://registry.npmjs.org/@supabase/auth-js/-/auth-js-2.91.1.tgz",
      "integrity": "sha512-3gFGMPuif2BOuAHXLAGsoOlDa64PROct1v7G94pMnvUAhh75u6+vnx4MYz1wyoyDBN5lCkJPGQNg5+RIgqxnpA==",
      "license": "MIT",
      "dependencies": {
        "tslib": "2.8.1"
      },
      "engines": {
        "node": ">=20.0.0"
      }
    },
    "node_modules/@supabase/functions-js": {
      "version": "2.91.1",
      "resolved": "https://registry.npmjs.org/@supabase/functions-js/-/functions-js-2.91.1.tgz",
      "integrity": "sha512-xKepd3HZ6K6rKibriehKggIegsoz+jjV67tikN51q/YQq3AlUAkjUMSnMrqs8t5LMlAi+a3dJU812acXanR0cw==",
      "license": "MIT",
      "dependencies": {
        "tslib": "2.8.1"
      },
      "engines": {
        "node": ">=20.0.0"
      }
    },
    "node_modules/@supabase/postgrest-js": {
      "version": "2.91.1",
      "resolved": "https://registry.npmjs.org/@supabase/postgrest-js/-/postgrest-js-2.91.1.tgz",
      "integrity": "sha512-UKumTC6SGHd65G/5Gj0V58u+SkUyiH4zEJ8OP2eb06+Tqnges1E/3Tl7lyq2qbcMP8nEyH/0M7m2bYjrn++haw==",
      "license": "MIT",
      "dependencies": {
        "tslib": "2.8.1"
      },
      "engines": {
        "node": ">=20.0.0"
      }
    },
    "node_modules/@supabase/realtime-js": {
      "version": "2.91.1",
      "resolved": "https://registry.npmjs.org/@supabase/realtime-js/-/realtime-js-2.91.1.tgz",
      "integrity": "sha512-Y4rifuvzekFgd2hUfiEvcMoh/JU3s1hmpWYS7tNGL2QHuFfWg8a4w/qg5qoSMVDvgGRz6G4L6yB1FaQRTplENQ==",
      "license": "MIT",
      "dependencies": {
        "@types/phoenix": "^1.6.6",
        "@types/ws": "^8.18.1",
        "tslib": "2.8.1",
        "ws": "^8.18.2"
      },
      "engines": {
        "node": ">=20.0.0"
      }
    },
    "node_modules/@supabase/storage-js": {
      "version": "2.91.1",
      "resolved": "https://registry.npmjs.org/@supabase/storage-js/-/storage-js-2.91.1.tgz",
      "integrity": "sha512-hMJNT2tSleOrWwx4FmHTpihIA2PRDixAsWflECuQ4YDkeduBZGX5m2txnstMnteWW+H+mm+92WRRFLuidXqbfA==",
      "license": "MIT",
      "dependencies": {
        "iceberg-js": "^0.8.1",
        "tslib": "2.8.1"
      },
      "engines": {
        "node": ">=20.0.0"
      }
    },
    "node_modules/@supabase/supabase-js": {
      "version": "2.91.1",
      "resolved": "https://registry.npmjs.org/@supabase/supabase-js/-/supabase-js-2.91.1.tgz",
      "integrity": "sha512-57Fb4s5nfLn5ed2a1rPtl+LI1Wbtms8MS4qcUa0w6luaStBlFhmSeD2TLBgJWdMIupWRF6iFTH4QTrO2+pG/ZQ==",
      "license": "MIT",
      "dependencies": {
        "@supabase/auth-js": "2.91.1",
        "@supabase/functions-js": "2.91.1",
        "@supabase/postgrest-js": "2.91.1",
        "@supabase/realtime-js": "2.91.1",
        "@supabase/storage-js": "2.91.1"
      },
      "engines": {
        "node": ">=20.0.0"
      }
    },
    "node_modules/@types/node": {
      "version": "26.1.1",
      "resolved": "https://registry.npmjs.org/@types/node/-/node-26.1.1.tgz",
      "integrity": "sha512-nxAkRSVkN1Y0JC1W8ky/fTfkGsMmcrRsbx+3XoZE+rMOX71kLYTV7fLXpqud1GpbpP5TuffXFqfX7fH2GgZREw==",
      "license": "MIT",
      "dependencies": {
        "undici-types": "~8.3.0"
      }
    },
    "node_modules/@types/phoenix": {
      "version": "1.6.7",
      "resolved": "https://registry.npmjs.org/@types/phoenix/-/phoenix-1.6.7.tgz",
      "integrity": "sha512-oN9ive//QSBkf19rfDv45M7eZPi0eEXylht2OLEXicu5b4KoQ1OzXIw+xDSGWxSxe1JmepRR/ZH283vsu518/Q==",
      "license": "MIT"
    },
    "node_modules/@types/ws": {
      "version": "8.18.1",
      "resolved": "https://registry.npmjs.org/@types/ws/-/ws-8.18.1.tgz",
      "integrity": "sha512-ThVF6DCVhA8kUGy+aazFQ4kXQ7E1Ty7A3ypFOe0IcJV8O/M511G99AW24irKrW56Wt44yG9+ij8FaqoBGkuBXg==",
      "license": "MIT",
      "dependencies": {
        "@types/node": "*"
      }
    },
    "node_modules/dbffile": {
      "version": "1.12.0",
      "resolved": "https://registry.npmjs.org/dbffile/-/dbffile-1.12.0.tgz",
      "integrity": "sha512-repLNtp1jyODRyAbqSaCiComsLi9/2w+ljYC760TXf69ExFVoJzdDr5STBx21gunM59RipYK5zHeDIuGf1LA8w==",
      "license": "MIT",
      "dependencies": {
        "iconv-lite": "^0.4.24"
      }
    },
    "node_modules/iceberg-js": {
      "version": "0.8.1",
      "resolved": "https://registry.npmjs.org/iceberg-js/-/iceberg-js-0.8.1.tgz",
      "integrity": "sha512-1dhVQZXhcHje7798IVM+xoo/1ZdVfzOMIc8/rgVSijRK38EDqOJoGula9N/8ZI5RD8QTxNQtK/Gozpr+qUqRRA==",
      "license": "MIT",
      "engines": {
        "node": ">=20.0.0"
      }
    },
    "node_modules/iconv-lite": {
      "version": "0.4.24",
      "resolved": "https://registry.npmjs.org/iconv-lite/-/iconv-lite-0.4.24.tgz",
      "integrity": "sha512-v3MXnZAcvnywkTUEZomIActle7RXXeedOR31wwl7VlyoXO4Qi9arvSenNQWne1TcRwhCL1HwLI21bEqdpj8/rA==",
      "license": "MIT",
      "dependencies": {
        "safer-buffer": ">= 2.1.2 < 3"
      },
      "engines": {
        "node": ">=0.10.0"
      }
    },
    "node_modules/safer-buffer": {
      "version": "2.1.2",
      "resolved": "https://registry.npmjs.org/safer-buffer/-/safer-buffer-2.1.2.tgz",
      "integrity": "sha512-YZo3K82SD7Riyi0E1EQPojLz7kpepnSQI9IyPbHHg1XXXevb5dJI7tpyN2ADxGcQbHG7vcyRHk0cbwqcQriUtg==",
      "license": "MIT"
    },
    "node_modules/tslib": {
      "version": "2.8.1",
      "resolved": "https://registry.npmjs.org/tslib/-/tslib-2.8.1.tgz",
      "integrity": "sha512-oJFu94HQb+KVduSUQL7wnpmqnfmLsOA/nAh6b6EH0wCEoK0/mPeXU6c3wKDV83MkOuHPRHtSXKKU99IBazS/2w==",
      "license": "0BSD"
    },
    "node_modules/undici-types": {
      "version": "8.3.0",
      "resolved": "https://registry.npmjs.org/undici-types/-/undici-types-8.3.0.tgz",
      "integrity": "sha512-j375ScV60dom+YkPFIfTLcOiPxkN/buHz5GobjLhixFuANaNs3C9l4GmrWqejgXWJ7BbJcFYpTEUkS1Ge8bpZQ==",
      "license": "MIT"
    },
    "node_modules/ws": {
      "version": "8.21.1",
      "resolved": "https://registry.npmjs.org/ws/-/ws-8.21.1.tgz",
      "integrity": "sha512-+0NTnW77fFN/DjQi6k/Sq/Yvk4Sgajw7urW8V+asjXnRgDs9gyGkdb7EzgfhA4goXsRIZKE28fzIXBHEzhuiWw==",
      "license": "MIT",
      "engines": {
        "node": ">=10.0.0"
      },
      "peerDependencies": {
        "bufferutil": "^4.0.1",
        "utf-8-validate": ">=5.0.2"
      },
      "peerDependenciesMeta": {
        "bufferutil": {
          "optional": true
        },
        "utf-8-validate": {
          "optional": true
        }
      }
    }
  }
}
